
Microsoft Visual Studio Solution File, Format Version 12.00
# Visual Studio 2013
VisualStudioVersion = 12.0.30723.0
MinimumVisualStudioVersion = 10.0.40219.1
Project("{FAE04EC0-301F-11D3-BF4B-00C04F79EFBC}") = "SFBulkAPIStarter", "SFBulkAPIStarter\SFBulkAPIStarter.csproj", "{09B37741-9AF6-4614-8E2A-356DF6656290}"
EndProject
Project("{FAE04EC0-301F-11D3-BF4B-00C04F79EFBC}") = "SFBulkAPIStarterTest", "SFBulkAPIStarterTest\SFBulkAPIStarterTest.csproj", "{C2FFEA1F-480F-4D8A-A836-ADC7E0587DFE}"
EndProject
Global
	GlobalSection(SolutionConfigurationPlatforms) = preSolution
		Debug|Any CPU = Debug|Any CPU
		Release|Any CPU = Release|Any CPU
	EndGlobalSection
	GlobalSection(ProjectConfigurationPlatforms) = postSolution
		{09B37741-9AF6-4614-8E2A-356DF6656290}.Debug|Any CPU.ActiveCfg = Debug|Any CPU
		{09B37741-9AF6-4614-8E2A-356DF6656290}.Debug|Any CPU.Build.0 = Debug|Any CPU
		{09B37741-9AF6-4614-8E2A-356DF6656290}.Release|Any CPU.ActiveCfg = Release|Any CPU
		{09B37741-9AF6-4614-8E2A-356DF6656290}.Release|Any CPU.Build.0 = Release|Any CPU
		{C2FFEA1F-480F-4D8A-A836-ADC7E0587DFE}.Debug|Any CPU.ActiveCfg = Debug|Any CPU
		{C2FFEA1F-480F-4D8A-A836-ADC7E0587DFE}.Debug|Any CPU.Build.0 = Debug|Any CPU
		{C2FFEA1F-480F-4D8A-A836-ADC7E0587DFE}.Release|Any CPU.ActiveCfg = Release|Any CPU
		{C2FFEA1F-480F-4D8A-A836-ADC7E0587DFE}.Release|Any CPU.Build.0 = Release|Any CPU
	EndGlobalSection
	GlobalSection(SolutionProperties) = preSolution
		HideSolutionNode = FALSE
	EndGlobalSection
EndGlobal
